PODS:
  - audio_session (0.0.1):
    - Flutter
  - connectivity_plus (0.0.1):
    - Flutter
  - device_info_plus (0.0.1):
    - Flutter
  - DKImagePickerController/Core (4.3.9):
    - DKImagePickerController/ImageDataManager
    - DKImagePickerController/Resource
  - DKImagePickerController/ImageDataManager (4.3.9)
  - DKImagePickerController/PhotoGallery (4.3.9):
    - DKImagePickerController/Core
    - DKPhotoGallery
  - DKImagePickerController/Resource (4.3.9)
  - DKPhotoGallery (0.0.19):
    - DKPhotoGallery/Core (= 0.0.19)
    - DKPhotoGallery/Model (= 0.0.19)
    - DKPhotoGallery/Preview (= 0.0.19)
    - DKPhotoGallery/Resource (= 0.0.19)
    - SDWebImage
    - SwiftyGif
  - DKPhotoGallery/Core (0.0.19):
    - DKPhotoGallery/Model
    - DKPhotoGallery/Preview
    - SDWebImage
    - SwiftyGif
  - DKPhotoGallery/Model (0.0.19):
    - SDWebImage
    - SwiftyGif
  - DKPhotoGallery/Preview (0.0.19):
    - DKPhotoGallery/Model
    - DKPhotoGallery/Resource
    - SDWebImage
    - SwiftyGif
  - DKPhotoGallery/Resource (0.0.19):
    - SDWebImage
    - SwiftyGif
  - file_picker (0.0.1):
    - DKImagePickerController/PhotoGallery
    - Flutter
  - Flutter (1.0.0)
  - flutter_inappwebview_ios (0.0.1):
    - Flutter
    - flutter_inappwebview_ios/Core (= 0.0.1)
    - swift-collections (~> 1.1.1)
  - flutter_inappwebview_ios/Core (0.0.1):
    - Flutter
    - swift-collections (~> 1.1.1)
  - flutter_keyboard_visibility (0.0.1):
    - Flutter
  - flutter_secure_storage_darwin (10.0.0):
    - Flutter
    - FlutterMacOS
  - fluttertoast (0.0.2):
    - Flutter
  - InternalCollectionsUtilities (1.1.1)
  - just_audio (0.0.1):
    - Flutter
    - FlutterMacOS
  - package_info_plus (0.4.5):
    - Flutter
  - pointer_interceptor_ios (0.0.1):
    - Flutter
  - SDWebImage (5.21.7):
    - SDWebImage/Core (= 5.21.7)
  - SDWebImage/Core (5.21.7)
  - share_plus (0.0.1):
    - Flutter
  - shared_preferences_foundation (0.0.1):
    - Flutter
    - FlutterMacOS
  - sqflite_darwin (0.0.4):
    - Flutter
    - FlutterMacOS
  - swift-collections (1.1.1):
    - swift-collections/BitCollections (= 1.1.1)
    - swift-collections/DequeModule (= 1.1.1)
    - swift-collections/HashTreeCollections (= 1.1.1)
    - swift-collections/HeapModule (= 1.1.1)
    - swift-collections/OrderedCollections (= 1.1.1)
  - swift-collections/BitCollections (1.1.1):
    - InternalCollectionsUtilities (= 1.1.1)
  - swift-collections/DequeModule (1.1.1):
    - InternalCollectionsUtilities (= 1.1.1)
  - swift-collections/HashTreeCollections (1.1.1):
    - InternalCollectionsUtilities (= 1.1.1)
  - swift-collections/HeapModule (1.1.1):
    - InternalCollectionsUtilities (= 1.1.1)
  - swift-collections/OrderedCollections (1.1.1):
    - InternalCollectionsUtilities (= 1.1.1)
  - SwiftyGif (5.4.5)
  - url_launcher_ios (0.0.1):
    - Flutter
  - webview_flutter_wkwebview (0.0.1):
    - Flutter
    - FlutterMacOS

DEPENDENCIES:
  - audio_session (from `.symlinks/plugins/audio_session/ios`)
  - connectivity_plus (from `.symlinks/plugins/connectivity_plus/ios`)
  - device_info_plus (from `.symlinks/plugins/device_info_plus/ios`)
  - file_picker (from `.symlinks/plugins/file_picker/ios`)
  - Flutter (from `Flutter`)
  - flutter_inappwebview_ios (from `.symlinks/plugins/flutter_inappwebview_ios/ios`)
  - flutter_keyboard_visibility (from `.symlinks/plugins/flutter_keyboard_visibility/ios`)
  - flutter_secure_storage_darwin (from `.symlinks/plugins/flutter_secure_storage_darwin/darwin`)
  - fluttertoast (from `.symlinks/plugins/fluttertoast/ios`)
  - just_audio (from `.symlinks/plugins/just_audio/darwin`)
  - package_info_plus (from `.symlinks/plugins/package_info_plus/ios`)
  - pointer_interceptor_ios (from `.symlinks/plugins/pointer_interceptor_ios/ios`)
  - share_plus (from `.symlinks/plugins/share_plus/ios`)
  - shared_preferences_foundation (from `.symlinks/plugins/shared_preferences_foundation/darwin`)
  - sqflite_darwin (from `.symlinks/plugins/sqflite_darwin/darwin`)
  - url_launcher_ios (from `.symlinks/plugins/url_launcher_ios/ios`)
  - webview_flutter_wkwebview (from `.symlinks/plugins/webview_flutter_wkwebview/darwin`)

SPEC REPOS:
  trunk:
    - DKImagePickerController
    - DKPhotoGallery
    - InternalCollectionsUtilities
    - SDWebImage
    - swift-collections
    - SwiftyGif

EXTERNAL SOURCES:
  audio_session:
    :path: ".symlinks/plugins/audio_session/ios"
  connectivity_plus:
    :path: ".symlinks/plugins/connectivity_plus/ios"
  device_info_plus:
    :path: ".symlinks/plugins/device_info_plus/ios"
  file_picker:
    :path: ".symlinks/plugins/file_picker/ios"
  Flutter:
    :path: Flutter
  flutter_inappwebview_ios:
    :path: ".symlinks/plugins/flutter_inappwebview_ios/ios"
  flutter_keyboard_visibility:
    :path: ".symlinks/plugins/flutter_keyboard_visibility/ios"
  flutter_secure_storage_darwin:
    :path: ".symlinks/plugins/flutter_secure_storage_darwin/darwin"
  fluttertoast:
    :path: ".symlinks/plugins/fluttertoast/ios"
  just_audio:
    :path: ".symlinks/plugins/just_audio/darwin"
  package_info_plus:
    :path: ".symlinks/plugins/package_info_plus/ios"
  pointer_interceptor_ios:
    :path: ".symlinks/plugins/pointer_interceptor_ios/ios"
  share_plus:
    :path: ".symlinks/plugins/share_plus/ios"
  shared_preferences_foundation:
    :path: ".symlinks/plugins/shared_preferences_foundation/darwin"
  sqflite_darwin:
    :path: ".symlinks/plugins/sqflite_darwin/darwin"
  url_launcher_ios:
    :path: ".symlinks/plugins/url_launcher_ios/ios"
  webview_flutter_wkwebview:
    :path: ".symlinks/plugins/webview_flutter_wkwebview/darwin"

SPEC CHECKSUMS:
  audio_session: 9bb7f6c970f21241b19f5a3658097ae459681ba0
  connectivity_plus: cb623214f4e1f6ef8fe7403d580fdad517d2f7dd
  device_info_plus: 21fcca2080fbcd348be798aa36c3e5ed849eefbe
  DKImagePickerController: 946cec48c7873164274ecc4624d19e3da4c1ef3c
  DKPhotoGallery: b3834fecb755ee09a593d7c9e389d8b5d6deed60
  file_picker: a0560bc09d61de87f12d246fc47d2119e6ef37be
  Flutter: cabc95a1d2626b1b06e7179b784ebcf0c0cde467
  flutter_inappwebview_ios: 9cde7869829d54b4110df350f3eedd192c5a4aea
  flutter_keyboard_visibility: 0486dadf8b88700306b906d6521a6f38ca3b33ba
  flutter_secure_storage_darwin: acdb3f316ed05a3e68f856e0353b133eec373a23
  fluttertoast: fe6790210fdba20801685be946e3a2124b72eef5
  InternalCollectionsUtilities: af3f471602c4a67cbcb0bee0a80f6f55a33ae453
  just_audio: 4e391f57b79cad2b0674030a00453ca5ce817eed
  package_info_plus: af8e2ca6888548050f16fa2f1938db7b5a5df499
  pointer_interceptor_ios: da06a662d5bfd329602b45b2ab41bc0fb5fdb0f0
  SDWebImage: e9fc87c1aab89a8ab1bbd74eba378c6f53be8abf
  share_plus: 50da8cb520a8f0f65671c6c6a99b3617ed10a58a
  shared_preferences_foundation: 7036424c3d8ec98dfe75ff1667cb0cd531ec82bb
  sqflite_darwin: 20b2a3a3b70e43edae938624ce550a3cbf66a3d0
  swift-collections: ba248ecaf44ef500b27d5cf94d304218c89892ff
  SwiftyGif: 706c60cf65fa2bc5ee0313beece843c8eb8194d4
  url_launcher_ios: 7a95fa5b60cc718a708b8f2966718e93db0cef1b
  webview_flutter_wkwebview: 8ebf4fded22593026f7dbff1fbff31ea98573c8d

PODFILE CHECKSUM: e701d2b2d76acc1263b60723d15ba7f52be7c5e3

COCOAPODS: 1.16.2
